
Microsoft Visual Studio Solution File, Format Version 12.00
# Visual Studio 2013
Project("{FAE04EC0-301F-11D3-BF4B-00C04F79EFBC}") = "UnityVS.CrazyBats.CSharp", "UnityVS.CrazyBats.CSharp.csproj", "{49394F99-DD80-5F7A-56A7-9269A9473D7B}"
EndProject
Project("{FAE04EC0-301F-11D3-BF4B-00C04F79EFBC}") = "UnityVS.CrazyBats.CSharp.Plugins", "UnityVS.CrazyBats.CSharp.Plugins.csproj", "{B1C3B612-36F3-412F-09B7-DE21C86EE744}"
EndProject
Project("{FAE04EC0-301F-11D3-BF4B-00C04F79EFBC}") = "UnityVS.CrazyBats.CSharp.Editor", "UnityVS.CrazyBats.CSharp.Editor.csproj", "{48F1FCE7-F1E4-006E-237D-221888AA0158}"
EndProject
Global
	GlobalSection(SolutionConfigurationPlatforms) = preSolution
		Debug|Any CPU = Debug|Any CPU
		Release|Any CPU = Release|Any CPU
	EndGlobalSection
	GlobalSection(ProjectConfigurationPlatforms) = postSolution
		{49394F99-DD80-5F7A-56A7-9269A9473D7B}.Debug|Any CPU.ActiveCfg = Debug|Any CPU
		{49394F99-DD80-5F7A-56A7-9269A9473D7B}.Debug|Any CPU.Build.0 = Debug|Any CPU
		{49394F99-DD80-5F7A-56A7-9269A9473D7B}.Release|Any CPU.ActiveCfg = Release|Any CPU
		{49394F99-DD80-5F7A-56A7-9269A9473D7B}.Release|Any CPU.Build.0 = Release|Any CPU
		{B1C3B612-36F3-412F-09B7-DE21C86EE744}.Debug|Any CPU.ActiveCfg = Debug|Any CPU
		{B1C3B612-36F3-412F-09B7-DE21C86EE744}.Debug|Any CPU.Build.0 = Debug|Any CPU
		{B1C3B612-36F3-412F-09B7-DE21C86EE744}.Release|Any CPU.ActiveCfg = Release|Any CPU
		{B1C3B612-36F3-412F-09B7-DE21C86EE744}.Release|Any CPU.Build.0 = Release|Any CPU
		{48F1FCE7-F1E4-006E-237D-221888AA0158}.Debug|Any CPU.ActiveCfg = Debug|Any CPU
		{48F1FCE7-F1E4-006E-237D-221888AA0158}.Debug|Any CPU.Build.0 = Debug|Any CPU
		{48F1FCE7-F1E4-006E-237D-221888AA0158}.Release|Any CPU.ActiveCfg = Release|Any CPU
		{48F1FCE7-F1E4-006E-237D-221888AA0158}.Release|Any CPU.Build.0 = Release|Any CPU
	EndGlobalSection
	GlobalSection(SolutionProperties) = preSolution
		HideSolutionNode = FALSE
	EndGlobalSection
EndGlobal
